{
  "name": "hop-learn",
  "version": "0.0.2",
  "lockfileVersion": 3,
  "requires": true,
  "packages": {
    "": {
      "name": "hop-learn",
      "version": "0.0.2",
      "license": "GPL-3.0-or-later",
      "dependencies": {
        "cale-evolution": "^0.0.8"
      }
    },
    "node_modules/cale-evolution": {
      "version": "0.0.8",
      "resolved": "https://registry.npmjs.org/cale-evolution/-/cale-evolution-0.0.8.tgz",
      "integrity": "sha512-ZaRJxHCijyuqcpeMud5i05P4O4el9WATcQROE7eurWFHDQo1bI2n+X+IwkCUCzZ5CWQ7lZKyGwCN2qILxGVGJA=="
    }
  }
}
